
Microsoft Visual Studio Solution File, Format Version 12.00
# Visual Studio Version 17
VisualStudioVersion = 17.6.33829.357
MinimumVisualStudioVersion = 10.0.40219.1
Project("{9A19103F-16F7-4668-BE54-9A1E7A4F7556}") = "LowOffice", "LowOffice.csproj", "{0E2430BF-43E2-4AF3-BCB9-F0A59CA26AA2}"
EndProject
Global
	GlobalSection(SolutionConfigurationPlatforms) = preSolution
		Debug|Any CPU = Debug|Any CPU
		Release|Any CPU = Release|Any CPU
	EndGlobalSection
	GlobalSection(ProjectConfigurationPlatforms) = postSolution
		{0E2430BF-43E2-4AF3-BCB9-F0A59CA26AA2}.Debug|Any CPU.ActiveCfg = Debug|Any CPU
		{0E2430BF-43E2-4AF3-BCB9-F0A59CA26AA2}.Debug|Any CPU.Build.0 = Debug|Any CPU
		{0E2430BF-43E2-4AF3-BCB9-F0A59CA26AA2}.Release|Any CPU.ActiveCfg = Release|Any CPU
		{0E2430BF-43E2-4AF3-BCB9-F0A59CA26AA2}.Release|Any CPU.Build.0 = Release|Any CPU
	EndGlobalSection
	GlobalSection(SolutionProperties) = preSolution
		HideSolutionNode = FALSE
	EndGlobalSection
	GlobalSection(ExtensibilityGlobals) = postSolution
		SolutionGuid = {3A640F02-A715-45CE-A07E-AB420745CB42}
	EndGlobalSection
EndGlobal
